
Microsoft Visual Studio Solution File, Format Version 12.00
# Visual Studio Version 16
VisualStudioVersion = 16.0.29403.142
MinimumVisualStudioVersion = 10.0.40219.1
Project("{FAE04EC0-301F-11D3-BF4B-00C04F79EFBC}") = "VideoCall API", "VideoCall API\VideoCall API.csproj", "{FEC4A66F-C626-4809-91F7-D374CE99C94A}"
EndProject
Global
	GlobalSection(SolutionConfigurationPlatforms) = preSolution
		Debug|Any CPU = Debug|Any CPU
		Release|Any CPU = Release|Any CPU
	EndGlobalSection
	GlobalSection(ProjectConfigurationPlatforms) = postSolution
		{FEC4A66F-C626-4809-91F7-D374CE99C94A}.Debug|Any CPU.ActiveCfg = Debug|Any CPU
		{FEC4A66F-C626-4809-91F7-D374CE99C94A}.Debug|Any CPU.Build.0 = Debug|Any CPU
		{FEC4A66F-C626-4809-91F7-D374CE99C94A}.Release|Any CPU.ActiveCfg = Release|Any CPU
		{FEC4A66F-C626-4809-91F7-D374CE99C94A}.Release|Any CPU.Build.0 = Release|Any CPU
	EndGlobalSection
	GlobalSection(SolutionProperties) = preSolution
		HideSolutionNode = FALSE
	EndGlobalSection
	GlobalSection(ExtensibilityGlobals) = postSolution
		SolutionGuid = {E01B0B18-9843-4F0A-9EF4-7B82A5F7C8B6}
	EndGlobalSection
EndGlobal
